%{
  "advent_of_code_utils": {:hex, :advent_of_code_utils, "2.0.2", "14b5794702d8fadb522aa4a4d7243f13f4686a80e2635d6cb6c360593f2c090d", [:mix], [{:floki, "~> 0.34", [hex: :floki, repo: "hexpm", optional: false]}], "hexpm", "02f740d39b578f56b249a8c36612d7ef2a5b52e3a28e3c9dd553757b4c55b9e8"},
  "floki": {:hex, :floki, "0.34.0", "002d0cc194b48794d74711731db004fafeb328fe676976f160685262d43706a8", [:mix], [], "hexpm", "9c3a9f43f40dde00332a589bd9d389b90c1f518aef500364d00636acc5ebc99c"},
}
